
Microsoft Visual Studio Solution File, Format Version 12.00
# Visual Studio Version 17
VisualStudioVersion = 17.10.35013.160
MinimumVisualStudioVersion = 10.0.40219.1
Project("{FAE04EC0-301F-11D3-BF4B-00C04F79EFBC}") = "ExpenseTracker", "ExpenseTracker\ExpenseTracker.csproj", "{9293CA74-AD41-47E5-A81F-12D8E43D64FD}"
EndProject
Global
	GlobalSection(SolutionConfigurationPlatforms) = preSolution
		Debug|Any CPU = Debug|Any CPU
		Release|Any CPU = Release|Any CPU
	EndGlobalSection
	GlobalSection(ProjectConfigurationPlatforms) = postSolution
		{9293CA74-AD41-47E5-A81F-12D8E43D64FD}.Debug|Any CPU.ActiveCfg = Debug|Any CPU
		{9293CA74-AD41-47E5-A81F-12D8E43D64FD}.Debug|Any CPU.Build.0 = Debug|Any CPU
		{9293CA74-AD41-47E5-A81F-12D8E43D64FD}.Release|Any CPU.ActiveCfg = Release|Any CPU
		{9293CA74-AD41-47E5-A81F-12D8E43D64FD}.Release|Any CPU.Build.0 = Release|Any CPU
	EndGlobalSection
	GlobalSection(SolutionProperties) = preSolution
		HideSolutionNode = FALSE
	EndGlobalSection
	GlobalSection(ExtensibilityGlobals) = postSolution
		SolutionGuid = {81A2927A-500E-4BAA-BB5D-F8A520460AD8}
	EndGlobalSection
EndGlobal
